
Microsoft Visual Studio Solution File, Format Version 12.00
# Visual Studio Version 16
VisualStudioVersion = 16.0.30907.101
MinimumVisualStudioVersion = 10.0.40219.1
Project("{FAE04EC0-301F-11D3-BF4B-00C04F79EFBC}") = "Assignment_Amazon", "Assignment_Amazon.csproj", "{9DEF0246-6048-4E2C-9E71-268E26041ECB}"
EndProject
Global
	GlobalSection(SolutionConfigurationPlatforms) = preSolution
		Debug|Any CPU = Debug|Any CPU
		Release|Any CPU = Release|Any CPU
	EndGlobalSection
	GlobalSection(ProjectConfigurationPlatforms) = postSolution
		{9DEF0246-6048-4E2C-9E71-268E26041ECB}.Debug|Any CPU.ActiveCfg = Debug|Any CPU
		{9DEF0246-6048-4E2C-9E71-268E26041ECB}.Debug|Any CPU.Build.0 = Debug|Any CPU
		{9DEF0246-6048-4E2C-9E71-268E26041ECB}.Release|Any CPU.ActiveCfg = Release|Any CPU
		{9DEF0246-6048-4E2C-9E71-268E26041ECB}.Release|Any CPU.Build.0 = Release|Any CPU
	EndGlobalSection
	GlobalSection(SolutionProperties) = preSolution
		HideSolutionNode = FALSE
	EndGlobalSection
	GlobalSection(ExtensibilityGlobals) = postSolution
		SolutionGuid = {AE495DB8-74FD-4BBD-98DF-16DEB6826A5F}
	EndGlobalSection
EndGlobal
